{
  "version": 4,
  "terraform_version": "1.4.0",
  "serial": 14,
  "lineage": "647d5f28-de0f-54c6-7404-8c9cde01ca35",
  "outputs": {
    "aws_ec2_instances": {
      "value": 1,
      "type": "number"
    },
    "export_variable": {
      "value": "harshul",
      "type": "string"
    }
  },
  "resources": [
    {
      "mode": "managed",
      "type": "local_file",
      "name": "auto_test",
      "provider": "provider[\"registry.terraform.io/hashicorp/local\"]",
      "instances": [
        {
          "schema_version": 0,
          "attributes": {
            "content": "Testing auto content...",
            "content_base64": null,
            "content_base64sha256": "bjCUBa5TXvTP0Dib5bqym+IFtRnqHtn1Nn0DR3sVUVM=",
            "content_base64sha512": "EsmSQcyai+pdABFBap/wR5q4ZV/+0YM6ghy4iGotiaJizAmHk2VZYUKTT16bDIKNyEeXR3AU8StUKqrYf6S3jg==",
            "content_md5": "de1b25ae40b08fa0ad2a7536d55bdc49",
            "content_sha1": "89e95f529c78e067e419507f174ea0377b43a527",
            "content_sha256": "6e309405ae535ef4cfd0389be5bab29be205b519ea1ed9f5367d03477b155153",
            "content_sha512": "12c99241cc9a8bea5d0011416a9ff0479ab8655ffed1833a821cb8886a2d89a262cc09879365596142934f5e9b0c828dc84797477014f12b542aaad87fa4b78e",
            "directory_permission": "0777",
            "file_permission": "0777",
            "filename": "/home/ubuntu/terraform/terraform-variables/auto-test.txt",
            "id": "89e95f529c78e067e419507f174ea0377b43a527",
            "sensitive_content": null,
            "source": null
          },
          "sensitive_attributes": []
        }
      ]
    },
    {
      "mode": "managed",
      "type": "local_file",
      "name": "devops",
      "provider": "provider[\"registry.terraform.io/hashicorp/local\"]",
      "instances": [
        {
          "schema_version": 0,
          "attributes": {
            "content": "testing content 1 with var",
            "content_base64": null,
            "content_base64sha256": "4eOLgFp8SFkkHuGNcmO1CIApwHI3CtMHMC+GCqJhm58=",
            "content_base64sha512": "wfPedplxd8H1RkUQgOe5CsN3K9M//UzgzBrJpdBsy5U4Nzh8pIbVobZAFy7hCVo8pmHDE6lEz2QP+WWbxxtRWg==",
            "content_md5": "cad6538650e0e1f4812a959d87fc4b3c",
            "content_sha1": "7a642acde82ad3de60be66a7578a48e19d5a3bb0",
            "content_sha256": "e1e38b805a7c4859241ee18d7263b5088029c072370ad307302f860aa2619b9f",
            "content_sha512": "c1f3de76997177c1f546451080e7b90ac3772bd33ffd4ce0cc1ac9a5d06ccb953837387ca486d5a1b640172ee1095a3ca661c313a944cf640ff9659bc71b515a",
            "directory_permission": "0777",
            "file_permission": "0777",
            "filename": "/home/ubuntu/terraform/terraform-variables/test.txt",
            "id": "7a642acde82ad3de60be66a7578a48e19d5a3bb0",
            "sensitive_content": null,
            "source": null
          },
          "sensitive_attributes": []
        }
      ]
    },
    {
      "mode": "managed",
      "type": "local_file",
      "name": "file_list",
      "provider": "provider[\"registry.terraform.io/hashicorp/local\"]",
      "instances": [
        {
          "schema_version": 0,
          "attributes": {
            "content": "testing content 2 with var",
            "content_base64": null,
            "content_base64sha256": "smeOhj9/rDlVQValwj7YE4XeAYLfcgD7wroCiZjjg60=",
            "content_base64sha512": "xAno3rEkNA6e0eF/IqwcpDZRbQ8Aymd9TJAWar5C2T4H1h/auRZQjcUJfyUi98NR41xdnHwRpUmqFHMWyCxxwg==",
            "content_md5": "cf3813d0dc55db40913f8869f9f85ad0",
            "content_sha1": "8552c11f98ab254c985a333de93ebf69406085a9",
            "content_sha256": "b2678e863f7fac39554156a5c23ed81385de0182df7200fbc2ba028998e383ad",
            "content_sha512": "c409e8deb124340e9ed1e17f22ac1ca436516d0f00ca677d4c90166abe42d93e07d61fdab916508dc5097f2522f7c351e35c5d9c7c11a549aa147316c82c71c2",
            "directory_permission": "0777",
            "file_permission": "0777",
            "filename": "/home/ubuntu/terraform/terraform-variables/file_2.txt",
            "id": "8552c11f98ab254c985a333de93ebf69406085a9",
            "sensitive_content": null,
            "source": null
          },
          "sensitive_attributes": []
        }
      ]
    }
  ],
  "check_results": null
}
